
Microsoft Visual Studio Solution File, Format Version 12.00
# Visual Studio Version 17
VisualStudioVersion = 17.4.33213.308
MinimumVisualStudioVersion = 10.0.40219.1
Project("{FAE04EC0-301F-11D3-BF4B-00C04F79EFBC}") = "EmployeeSort", "EmployeeSort\EmployeeSort.csproj", "{2808220A-4E68-43AD-A4C9-1BD2BE2A5419}"
EndProject
Global
	GlobalSection(SolutionConfigurationPlatforms) = preSolution
		Debug|Any CPU = Debug|Any CPU
		Release|Any CPU = Release|Any CPU
	EndGlobalSection
	GlobalSection(ProjectConfigurationPlatforms) = postSolution
		{2808220A-4E68-43AD-A4C9-1BD2BE2A5419}.Debug|Any CPU.ActiveCfg = Debug|Any CPU
		{2808220A-4E68-43AD-A4C9-1BD2BE2A5419}.Debug|Any CPU.Build.0 = Debug|Any CPU
		{2808220A-4E68-43AD-A4C9-1BD2BE2A5419}.Release|Any CPU.ActiveCfg = Release|Any CPU
		{2808220A-4E68-43AD-A4C9-1BD2BE2A5419}.Release|Any CPU.Build.0 = Release|Any CPU
	EndGlobalSection
	GlobalSection(SolutionProperties) = preSolution
		HideSolutionNode = FALSE
	EndGlobalSection
	GlobalSection(ExtensibilityGlobals) = postSolution
		SolutionGuid = {F58F21C5-26AA-4CB4-AA10-245794A2288D}
	EndGlobalSection
EndGlobal
